# THIS IS AN AUTOGENERATED FILE. DO NOT EDIT THIS FILE DIRECTLY.
# yarn lockfile v1


retsac@^0.14.0:
  version "0.14.0"
  resolved "https://registry.npmmirror.com/retsac/-/retsac-0.14.0.tgz#d9321446bd67df96b0b1be3e9f25bcf4a2fa9a5f"
  integrity sha512-ZoXa7bjNsai/BwLWPd1/o5GiOyx+VmfdlQqJzESn6uPOfDvfi6xhUirfWIhrsIHZC20UvR6A4KitpMHvVCv5qg==
